
Microsoft Visual Studio Solution File, Format Version 12.00
# Visual Studio Version 17
VisualStudioVersion = 17.7.34031.279
MinimumVisualStudioVersion = 10.0.40219.1
Project("{FAE04EC0-301F-11D3-BF4B-00C04F79EFBC}") = "Self01", "Self01\Self01.csproj", "{AD5D623F-B876-45B3-8735-7B2CC3EC6C28}"
EndProject
Project("{FAE04EC0-301F-11D3-BF4B-00C04F79EFBC}") = "Self02", "Self02\Self02.csproj", "{3EA4F693-029B-472E-ABFC-F36E691E96D1}"
EndProject
Project("{FAE04EC0-301F-11D3-BF4B-00C04F79EFBC}") = "Self06", "Self06\Self06.csproj", "{B3621309-F81A-4A74-9635-CD4AD3EAF9B3}"
EndProject
Project("{FAE04EC0-301F-11D3-BF4B-00C04F79EFBC}") = "Self04", "Self04\Self04.csproj", "{2C864444-634D-4FCD-83D2-906E25535EAF}"
EndProject
Project("{FAE04EC0-301F-11D3-BF4B-00C04F79EFBC}") = "Self03", "Self03\Self03.csproj", "{8736AA45-E2A1-48FE-8838-5450DA4CE475}"
EndProject
Project("{FAE04EC0-301F-11D3-BF4B-00C04F79EFBC}") = "Self05", "Self05\Self05.csproj", "{B20D5909-3E0C-4341-8B20-EC90A7640AAB}"
EndProject
Global
	GlobalSection(SolutionConfigurationPlatforms) = preSolution
		Debug|Any CPU = Debug|Any CPU
		Release|Any CPU = Release|Any CPU
	EndGlobalSection
	GlobalSection(ProjectConfigurationPlatforms) = postSolution
		{AD5D623F-B876-45B3-8735-7B2CC3EC6C28}.Debug|Any CPU.ActiveCfg = Debug|Any CPU
		{AD5D623F-B876-45B3-8735-7B2CC3EC6C28}.Debug|Any CPU.Build.0 = Debug|Any CPU
		{AD5D623F-B876-45B3-8735-7B2CC3EC6C28}.Release|Any CPU.ActiveCfg = Release|Any CPU
		{AD5D623F-B876-45B3-8735-7B2CC3EC6C28}.Release|Any CPU.Build.0 = Release|Any CPU
		{3EA4F693-029B-472E-ABFC-F36E691E96D1}.Debug|Any CPU.ActiveCfg = Debug|Any CPU
		{3EA4F693-029B-472E-ABFC-F36E691E96D1}.Debug|Any CPU.Build.0 = Debug|Any CPU
		{3EA4F693-029B-472E-ABFC-F36E691E96D1}.Release|Any CPU.ActiveCfg = Release|Any CPU
		{3EA4F693-029B-472E-ABFC-F36E691E96D1}.Release|Any CPU.Build.0 = Release|Any CPU
		{B3621309-F81A-4A74-9635-CD4AD3EAF9B3}.Debug|Any CPU.ActiveCfg = Debug|Any CPU
		{B3621309-F81A-4A74-9635-CD4AD3EAF9B3}.Debug|Any CPU.Build.0 = Debug|Any CPU
		{B3621309-F81A-4A74-9635-CD4AD3EAF9B3}.Release|Any CPU.ActiveCfg = Release|Any CPU
		{B3621309-F81A-4A74-9635-CD4AD3EAF9B3}.Release|Any CPU.Build.0 = Release|Any CPU
		{2C864444-634D-4FCD-83D2-906E25535EAF}.Debug|Any CPU.ActiveCfg = Debug|Any CPU
		{2C864444-634D-4FCD-83D2-906E25535EAF}.Debug|Any CPU.Build.0 = Debug|Any CPU
		{2C864444-634D-4FCD-83D2-906E25535EAF}.Release|Any CPU.ActiveCfg = Release|Any CPU
		{2C864444-634D-4FCD-83D2-906E25535EAF}.Release|Any CPU.Build.0 = Release|Any CPU
		{8736AA45-E2A1-48FE-8838-5450DA4CE475}.Debug|Any CPU.ActiveCfg = Debug|Any CPU
		{8736AA45-E2A1-48FE-8838-5450DA4CE475}.Debug|Any CPU.Build.0 = Debug|Any CPU
		{8736AA45-E2A1-48FE-8838-5450DA4CE475}.Release|Any CPU.ActiveCfg = Release|Any CPU
		{8736AA45-E2A1-48FE-8838-5450DA4CE475}.Release|Any CPU.Build.0 = Release|Any CPU
		{B20D5909-3E0C-4341-8B20-EC90A7640AAB}.Debug|Any CPU.ActiveCfg = Debug|Any CPU
		{B20D5909-3E0C-4341-8B20-EC90A7640AAB}.Debug|Any CPU.Build.0 = Debug|Any CPU
		{B20D5909-3E0C-4341-8B20-EC90A7640AAB}.Release|Any CPU.ActiveCfg = Release|Any CPU
		{B20D5909-3E0C-4341-8B20-EC90A7640AAB}.Release|Any CPU.Build.0 = Release|Any CPU
	EndGlobalSection
	GlobalSection(SolutionProperties) = preSolution
		HideSolutionNode = FALSE
	EndGlobalSection
	GlobalSection(ExtensibilityGlobals) = postSolution
		SolutionGuid = {90316366-E9C2-4C5F-BD1C-07FE1A0EFB42}
	EndGlobalSection
EndGlobal
