
Microsoft Visual Studio Solution File, Format Version 12.00
# Visual Studio Version 17
VisualStudioVersion = 17.7.34024.191
MinimumVisualStudioVersion = 10.0.40219.1
Project("{FAE04EC0-301F-11D3-BF4B-00C04F79EFBC}") = "Ex1", "Ex1\Ex1.csproj", "{33641F72-F8E6-424B-8B48-BD2EF971A172}"
EndProject
Project("{FAE04EC0-301F-11D3-BF4B-00C04F79EFBC}") = "Ex2", "Ex2\Ex2.csproj", "{7EED7040-8385-4BF8-8B10-C2B7F1454D7C}"
EndProject
Global
	GlobalSection(SolutionConfigurationPlatforms) = preSolution
		Debug|Any CPU = Debug|Any CPU
		Release|Any CPU = Release|Any CPU
	EndGlobalSection
	GlobalSection(ProjectConfigurationPlatforms) = postSolution
		{33641F72-F8E6-424B-8B48-BD2EF971A172}.Debug|Any CPU.ActiveCfg = Debug|Any CPU
		{33641F72-F8E6-424B-8B48-BD2EF971A172}.Debug|Any CPU.Build.0 = Debug|Any CPU
		{33641F72-F8E6-424B-8B48-BD2EF971A172}.Release|Any CPU.ActiveCfg = Release|Any CPU
		{33641F72-F8E6-424B-8B48-BD2EF971A172}.Release|Any CPU.Build.0 = Release|Any CPU
		{7EED7040-8385-4BF8-8B10-C2B7F1454D7C}.Debug|Any CPU.ActiveCfg = Debug|Any CPU
		{7EED7040-8385-4BF8-8B10-C2B7F1454D7C}.Debug|Any CPU.Build.0 = Debug|Any CPU
		{7EED7040-8385-4BF8-8B10-C2B7F1454D7C}.Release|Any CPU.ActiveCfg = Release|Any CPU
		{7EED7040-8385-4BF8-8B10-C2B7F1454D7C}.Release|Any CPU.Build.0 = Release|Any CPU
	EndGlobalSection
	GlobalSection(SolutionProperties) = preSolution
		HideSolutionNode = FALSE
	EndGlobalSection
	GlobalSection(ExtensibilityGlobals) = postSolution
		SolutionGuid = {7F8D40B7-324B-4D09-AEF3-785C5AEB2187}
	EndGlobalSection
EndGlobal
