
Microsoft Visual Studio Solution File, Format Version 12.00
# Visual Studio Version 17
VisualStudioVersion = 17.7.34024.191
MinimumVisualStudioVersion = 10.0.40219.1
Project("{9A19103F-16F7-4668-BE54-9A1E7A4F7556}") = "Self01", "Self01\Self01.csproj", "{91E4BA9C-8E68-4033-AB6A-73C11F859E91}"
EndProject
Project("{9A19103F-16F7-4668-BE54-9A1E7A4F7556}") = "Self02", "Self02\Self02.csproj", "{F5DD60B5-D991-478D-9A43-A6F2B7E8186B}"
EndProject
Project("{9A19103F-16F7-4668-BE54-9A1E7A4F7556}") = "Self03", "Self03\Self03.csproj", "{4C493A4D-14E1-4D63-ABE0-5DCFE71AAF64}"
EndProject
Project("{9A19103F-16F7-4668-BE54-9A1E7A4F7556}") = "Demo01", "Demo01\Demo01.csproj", "{3824CE57-7126-4E9F-A9A1-1A5D15898526}"
EndProject
Project("{9A19103F-16F7-4668-BE54-9A1E7A4F7556}") = "Demo02", "Demo02\Demo02.csproj", "{64A37814-30BB-4C19-9291-E80444363B16}"
EndProject
Project("{9A19103F-16F7-4668-BE54-9A1E7A4F7556}") = "Self04", "Self04\Self04.csproj", "{7728EC85-F2D4-4DAD-9BDB-EFA112995393}"
EndProject
Project("{9A19103F-16F7-4668-BE54-9A1E7A4F7556}") = "Demo03", "Demo03\Demo03.csproj", "{FE994BE8-754C-4A53-B65C-7D54890F9717}"
EndProject
Project("{9A19103F-16F7-4668-BE54-9A1E7A4F7556}") = "Self05", "Self05\Self05.csproj", "{AB5C743E-EA6E-4DDD-93F6-E4BFAA195F73}"
EndProject
Project("{9A19103F-16F7-4668-BE54-9A1E7A4F7556}") = "Self06", "Self06\Self06.csproj", "{99927BAD-6B84-4211-A485-E5DD30C008BD}"
EndProject
Project("{9A19103F-16F7-4668-BE54-9A1E7A4F7556}") = "Self07", "Self07\Self07.csproj", "{F059CE19-842F-4703-B736-79BBEAD97EC6}"
EndProject
Project("{FAE04EC0-301F-11D3-BF4B-00C04F79EFBC}") = "Self08", "Self08\Self08.csproj", "{FE3786C7-778C-46A2-AF76-E79DDDA55582}"
EndProject
Project("{FAE04EC0-301F-11D3-BF4B-00C04F79EFBC}") = "Self09", "Self09\Self09.csproj", "{3A79EBF6-47A6-48C0-8525-EB5F65F89AC0}"
EndProject
Global
	GlobalSection(SolutionConfigurationPlatforms) = preSolution
		Debug|Any CPU = Debug|Any CPU
		Release|Any CPU = Release|Any CPU
	EndGlobalSection
	GlobalSection(ProjectConfigurationPlatforms) = postSolution
		{91E4BA9C-8E68-4033-AB6A-73C11F859E91}.Debug|Any CPU.ActiveCfg = Debug|Any CPU
		{91E4BA9C-8E68-4033-AB6A-73C11F859E91}.Debug|Any CPU.Build.0 = Debug|Any CPU
		{91E4BA9C-8E68-4033-AB6A-73C11F859E91}.Release|Any CPU.ActiveCfg = Release|Any CPU
		{91E4BA9C-8E68-4033-AB6A-73C11F859E91}.Release|Any CPU.Build.0 = Release|Any CPU
		{F5DD60B5-D991-478D-9A43-A6F2B7E8186B}.Debug|Any CPU.ActiveCfg = Debug|Any CPU
		{F5DD60B5-D991-478D-9A43-A6F2B7E8186B}.Debug|Any CPU.Build.0 = Debug|Any CPU
		{F5DD60B5-D991-478D-9A43-A6F2B7E8186B}.Release|Any CPU.ActiveCfg = Release|Any CPU
		{F5DD60B5-D991-478D-9A43-A6F2B7E8186B}.Release|Any CPU.Build.0 = Release|Any CPU
		{4C493A4D-14E1-4D63-ABE0-5DCFE71AAF64}.Debug|Any CPU.ActiveCfg = Debug|Any CPU
		{4C493A4D-14E1-4D63-ABE0-5DCFE71AAF64}.Debug|Any CPU.Build.0 = Debug|Any CPU
		{4C493A4D-14E1-4D63-ABE0-5DCFE71AAF64}.Release|Any CPU.ActiveCfg = Release|Any CPU
		{4C493A4D-14E1-4D63-ABE0-5DCFE71AAF64}.Release|Any CPU.Build.0 = Release|Any CPU
		{3824CE57-7126-4E9F-A9A1-1A5D15898526}.Debug|Any CPU.ActiveCfg = Debug|Any CPU
		{3824CE57-7126-4E9F-A9A1-1A5D15898526}.Debug|Any CPU.Build.0 = Debug|Any CPU
		{3824CE57-7126-4E9F-A9A1-1A5D15898526}.Release|Any CPU.ActiveCfg = Release|Any CPU
		{3824CE57-7126-4E9F-A9A1-1A5D15898526}.Release|Any CPU.Build.0 = Release|Any CPU
		{64A37814-30BB-4C19-9291-E80444363B16}.Debug|Any CPU.ActiveCfg = Debug|Any CPU
		{64A37814-30BB-4C19-9291-E80444363B16}.Debug|Any CPU.Build.0 = Debug|Any CPU
		{64A37814-30BB-4C19-9291-E80444363B16}.Release|Any CPU.ActiveCfg = Release|Any CPU
		{64A37814-30BB-4C19-9291-E80444363B16}.Release|Any CPU.Build.0 = Release|Any CPU
		{7728EC85-F2D4-4DAD-9BDB-EFA112995393}.Debug|Any CPU.ActiveCfg = Debug|Any CPU
		{7728EC85-F2D4-4DAD-9BDB-EFA112995393}.Debug|Any CPU.Build.0 = Debug|Any CPU
		{7728EC85-F2D4-4DAD-9BDB-EFA112995393}.Release|Any CPU.ActiveCfg = Release|Any CPU
		{7728EC85-F2D4-4DAD-9BDB-EFA112995393}.Release|Any CPU.Build.0 = Release|Any CPU
		{FE994BE8-754C-4A53-B65C-7D54890F9717}.Debug|Any CPU.ActiveCfg = Debug|Any CPU
		{FE994BE8-754C-4A53-B65C-7D54890F9717}.Debug|Any CPU.Build.0 = Debug|Any CPU
		{FE994BE8-754C-4A53-B65C-7D54890F9717}.Release|Any CPU.ActiveCfg = Release|Any CPU
		{FE994BE8-754C-4A53-B65C-7D54890F9717}.Release|Any CPU.Build.0 = Release|Any CPU
		{AB5C743E-EA6E-4DDD-93F6-E4BFAA195F73}.Debug|Any CPU.ActiveCfg = Debug|Any CPU
		{AB5C743E-EA6E-4DDD-93F6-E4BFAA195F73}.Debug|Any CPU.Build.0 = Debug|Any CPU
		{AB5C743E-EA6E-4DDD-93F6-E4BFAA195F73}.Release|Any CPU.ActiveCfg = Release|Any CPU
		{AB5C743E-EA6E-4DDD-93F6-E4BFAA195F73}.Release|Any CPU.Build.0 = Release|Any CPU
		{99927BAD-6B84-4211-A485-E5DD30C008BD}.Debug|Any CPU.ActiveCfg = Debug|Any CPU
		{99927BAD-6B84-4211-A485-E5DD30C008BD}.Debug|Any CPU.Build.0 = Debug|Any CPU
		{99927BAD-6B84-4211-A485-E5DD30C008BD}.Release|Any CPU.ActiveCfg = Release|Any CPU
		{99927BAD-6B84-4211-A485-E5DD30C008BD}.Release|Any CPU.Build.0 = Release|Any CPU
		{F059CE19-842F-4703-B736-79BBEAD97EC6}.Debug|Any CPU.ActiveCfg = Debug|Any CPU
		{F059CE19-842F-4703-B736-79BBEAD97EC6}.Debug|Any CPU.Build.0 = Debug|Any CPU
		{F059CE19-842F-4703-B736-79BBEAD97EC6}.Release|Any CPU.ActiveCfg = Release|Any CPU
		{F059CE19-842F-4703-B736-79BBEAD97EC6}.Release|Any CPU.Build.0 = Release|Any CPU
		{FE3786C7-778C-46A2-AF76-E79DDDA55582}.Debug|Any CPU.ActiveCfg = Debug|Any CPU
		{FE3786C7-778C-46A2-AF76-E79DDDA55582}.Debug|Any CPU.Build.0 = Debug|Any CPU
		{FE3786C7-778C-46A2-AF76-E79DDDA55582}.Release|Any CPU.ActiveCfg = Release|Any CPU
		{FE3786C7-778C-46A2-AF76-E79DDDA55582}.Release|Any CPU.Build.0 = Release|Any CPU
		{3A79EBF6-47A6-48C0-8525-EB5F65F89AC0}.Debug|Any CPU.ActiveCfg = Debug|Any CPU
		{3A79EBF6-47A6-48C0-8525-EB5F65F89AC0}.Debug|Any CPU.Build.0 = Debug|Any CPU
		{3A79EBF6-47A6-48C0-8525-EB5F65F89AC0}.Release|Any CPU.ActiveCfg = Release|Any CPU
		{3A79EBF6-47A6-48C0-8525-EB5F65F89AC0}.Release|Any CPU.Build.0 = Release|Any CPU
	EndGlobalSection
	GlobalSection(SolutionProperties) = preSolution
		HideSolutionNode = FALSE
	EndGlobalSection
	GlobalSection(ExtensibilityGlobals) = postSolution
		SolutionGuid = {D2F976DB-C79B-4FD9-B680-DF5E3FE2C3CB}
	EndGlobalSection
EndGlobal
