
Microsoft Visual Studio Solution File, Format Version 12.00
Project("{FAE04EC0-301F-11D3-BF4B-00C04F79EFBC}") = "Self01", "Self01\Self01.csproj", "{0B53D559-B3D2-47C8-903C-B4468C097484}"
EndProject
Global
	GlobalSection(SolutionConfigurationPlatforms) = preSolution
		Debug|Any CPU = Debug|Any CPU
		Release|Any CPU = Release|Any CPU
	EndGlobalSection
	GlobalSection(ProjectConfigurationPlatforms) = postSolution
		{0B53D559-B3D2-47C8-903C-B4468C097484}.Debug|Any CPU.ActiveCfg = Debug|Any CPU
		{0B53D559-B3D2-47C8-903C-B4468C097484}.Debug|Any CPU.Build.0 = Debug|Any CPU
		{0B53D559-B3D2-47C8-903C-B4468C097484}.Release|Any CPU.ActiveCfg = Release|Any CPU
		{0B53D559-B3D2-47C8-903C-B4468C097484}.Release|Any CPU.Build.0 = Release|Any CPU
	EndGlobalSection
EndGlobal
